DEPENDENCIES
  chef-ingredient
    git: https://github.com/chef-cookbooks/chef-ingredient.git
    revision: 375df47818c7ce61dc71c033c2ff4d1cf2a6558c
  chef-server-12
    git: https://github.com/chef-cookbooks/delivery-cluster.git
    revision: 5371465da2cbd28a8a0f9f1351ae66bee2f5e60d
    rel: vendor/chef-server-12
  chef-server-ctl
    git: https://github.com/stephenlauck/chef-server-ctl.git
    revision: 55bfa054f9d5cda86f1a96b28b5ccaddbec7a69d
  chef-services
    path: .
    metadata: true
  delivery-base
    git: https://github.com/chef-cookbooks/delivery-base.git
    revision: 246ff5c8ef07a6d5f99d19082d4e1bd2cc53f129
  delivery-cluster
    git: https://github.com/chef-cookbooks/delivery-cluster.git
    revision: 5371465da2cbd28a8a0f9f1351ae66bee2f5e60d
  delivery_build
    git: https://github.com/chef-cookbooks/delivery_build.git
    revision: 7e109e9539b6a79424ebe612447f1d2d9c5c0538
  push-jobs
    git: https://github.com/chef-cookbooks/push-jobs.git
    revision: c56494a98ecbfe2bf9d5676d7b2082c8af1042e2
  supermarket-omnibus-cookbook
    git: https://github.com/chef-cookbooks/supermarket-omnibus-cookbook.git
    revision: 552ea1fed606422799db649b8e15424f606c795f
  test
    path: test/fixtures/cookbooks/test

GRAPH
  apt (4.0.1)
    compat_resource (>= 12.10)
  build-essential (6.0.3)
    compat_resource (>= 12.10)
    mingw (>= 1.1)
    seven_zip (>= 0.0.0)
  chef-analytics (0.2.2)
    chef-ingredient (>= 0.18.3)
  chef-ingredient (0.19.0)
  chef-server (5.0.1)
    chef-ingredient (>= 0.18.0)
  chef-server-12 (0.1.17)
    chef-ingredient (>= 0.0.0)
    hostsfile (>= 0.0.0)
  chef-server-ctl (0.1.0)
    chef-server (>= 0.0.0)
  chef-services (2.0.0)
    apt (>= 0.0.0)
    chef-analytics (>= 0.0.0)
    delivery-cluster (>= 0.0.0)
    supermarket-omnibus-cookbook (>= 0.0.0)
    yum (>= 0.0.0)
  chef-splunk (1.6.0)
    chef-vault (>= 1.0.4)
  chef-sugar (3.4.0)
  chef-vault (1.3.3)
  chef_handler (1.4.0)
  compat_resource (12.10.7)
  delivery-base (0.2.2)
    push-jobs (>= 0.0.0)
  delivery-cluster (0.6.15)
    apt (>= 0.0.0)
    chef-ingredient (>= 0.18.0)
    chef-server-12 (>= 0.0.0)
    chef-splunk (>= 0.0.0)
    delivery_build (>= 0.0.0)
    git (>= 0.0.0)
    yum (>= 0.0.0)
  delivery_build (0.4.28)
    build-essential (>= 0.0.0)
    chef-ingredient (>= 0.18.0)
    chef-sugar (>= 0.0.0)
    delivery-base (>= 0.0.0)
    git (>= 0.0.0)
  dmg (2.4.0)
  fancy_execute (1.0.1)
  git (4.6.0)
    build-essential (>= 0.0.0)
    dmg (>= 0.0.0)
    windows (>= 0.0.0)
    yum-epel (>= 0.0.0)
  hostsfile (2.4.5)
  mingw (1.2.4)
    compat_resource (>= 0.0.0)
    seven_zip (>= 0.0.0)
  packagecloud (0.2.4)
  push-jobs (3.2.0)
    chef-ingredient (>= 0.18.0)
    compat_resource (>= 0.0.0)
    runit (>= 1.2.0)
    windows (>= 0.0.0)
  runit (1.8.0)
    packagecloud (>= 0.0.0)
    yum-epel (>= 0.0.0)
  seven_zip (2.0.1)
    windows (>= 1.2.2)
  supermarket-omnibus-cookbook (1.4.1)
    chef-ingredient (>= 0.18.0)
    fancy_execute (>= 0.0.0)
    hostsfile (>= 0.0.0)
  test (0.0.1)
    chef-ingredient (>= 0.0.0)
    chef-server-ctl (>= 0.0.0)
    hostsfile (>= 0.0.0)
    supermarket-omnibus-cookbook (>= 0.0.0)
  windows (1.44.1)
    chef_handler (>= 0.0.0)
  yum (3.11.0)
  yum-epel (0.7.0)
    yum (>= 3.6.3)
